{
  objects = {
    DEBUG = {
      isa = XCBuildConfiguration;
      buildSettings = {
        IPHONEOS_DEPLOYMENT_TARGET = 13.0;
      };
      name = Debug;
    };
    RELEASE = {
      isa = XCBuildConfiguration;
      buildSettings = {
        IPHONEOS_DEPLOYMENT_TARGET = 14.0;
      };
      name = Release;
    };
    PACKAGE = { isa = XCSwiftPackageProductDependency; };
  };
}
