// !$*UTF8*$!
{
  objects = {
    DEBUG /* Debug */ = {
      isa = XCBuildConfiguration;
      buildSettings = {
        IPHONEOS_DEPLOYMENT_TARGET = 12.0;
      };
      name = Debug;
    };
    PROFILE /* Profile */ = {
      isa = XCBuildConfiguration;
      buildSettings = {
        IPHONEOS_DEPLOYMENT_TARGET = 12.0;
      };
      name = Profile;
    };
    RELEASE /* Release */ = {
      isa = XCBuildConfiguration;
      buildSettings = {
        IPHONEOS_DEPLOYMENT_TARGET = 12.0;
      };
      name = Release;
    };
  };
}
